
Microsoft Visual Studio Solution File, Format Version 12.00
# Visual Studio Version 16
VisualStudioVersion = 16.0.29324.140
MinimumVisualStudioVersion = 10.0.40219.1
Project("{9A19103F-16F7-4668-BE54-9A1E7A4F7556}") = "VkQueue", "VkQueue\VkQueue.csproj", "{D2B5BB1D-44EA-42AF-98E1-419F3E15F813}"
EndProject
Global
	GlobalSection(SolutionConfigurationPlatforms) = preSolution
		Debug|Any CPU = Debug|Any CPU
		Release|Any CPU = Release|Any CPU
	EndGlobalSection
	GlobalSection(ProjectConfigurationPlatforms) = postSolution
		{D2B5BB1D-44EA-42AF-98E1-419F3E15F813}.Debug|Any CPU.ActiveCfg = Debug|Any CPU
		{D2B5BB1D-44EA-42AF-98E1-419F3E15F813}.Debug|Any CPU.Build.0 = Debug|Any CPU
		{D2B5BB1D-44EA-42AF-98E1-419F3E15F813}.Release|Any CPU.ActiveCfg = Release|Any CPU
		{D2B5BB1D-44EA-42AF-98E1-419F3E15F813}.Release|Any CPU.Build.0 = Release|Any CPU
	EndGlobalSection
	GlobalSection(SolutionProperties) = preSolution
		HideSolutionNode = FALSE
	EndGlobalSection
	GlobalSection(ExtensibilityGlobals) = postSolution
		SolutionGuid = {89703A2E-8D7D-4F1F-A0D1-1C7A29647455}
	EndGlobalSection
EndGlobal
